
Microsoft Visual Studio Solution File, Format Version 12.00
# Visual Studio 15
VisualStudioVersion = 15.0.27004.2006
MinimumVisualStudioVersion = 10.0.40219.1
Project("{FAE04EC0-301F-11D3-BF4B-00C04F79EFBC}") = "Task1", "Task1\Task1.csproj", "{ADE5F610-AC31-47FB-8FF2-2E199AA5E5DC}"
EndProject
Project("{FAE04EC0-301F-11D3-BF4B-00C04F79EFBC}") = "Task2", "Task2\Task2.csproj", "{E60F463D-7B3B-4253-BF70-421436B2A879}"
EndProject
Project("{FAE04EC0-301F-11D3-BF4B-00C04F79EFBC}") = "Task3", "Task3\Task3.csproj", "{78F494F3-2F95-4935-816C-66E454482AF8}"
EndProject
Project("{FAE04EC0-301F-11D3-BF4B-00C04F79EFBC}") = "Oct11_Task1", "Oct11_Task1\Oct11_Task1.csproj", "{10B28A20-5EF9-47FD-BF52-7672D962ABE0}"
EndProject
Project("{FAE04EC0-301F-11D3-BF4B-00C04F79EFBC}") = "Oct11_Task2", "Oct11_Task2\Oct11_Task2.csproj", "{5737DDD8-C950-43B6-A240-13B8A7121E03}"
EndProject
Project("{FAE04EC0-301F-11D3-BF4B-00C04F79EFBC}") = "Oct11_Task3", "Oct11_Task3\Oct11_Task3.csproj", "{C579305A-2EE3-4547-BD9C-900F82B25A68}"
EndProject
Global
	GlobalSection(SolutionConfigurationPlatforms) = preSolution
		Debug|Any CPU = Debug|Any CPU
		Release|Any CPU = Release|Any CPU
	EndGlobalSection
	GlobalSection(ProjectConfigurationPlatforms) = postSolution
		{ADE5F610-AC31-47FB-8FF2-2E199AA5E5DC}.Debug|Any CPU.ActiveCfg = Debug|Any CPU
		{ADE5F610-AC31-47FB-8FF2-2E199AA5E5DC}.Debug|Any CPU.Build.0 = Debug|Any CPU
		{ADE5F610-AC31-47FB-8FF2-2E199AA5E5DC}.Release|Any CPU.ActiveCfg = Release|Any CPU
		{ADE5F610-AC31-47FB-8FF2-2E199AA5E5DC}.Release|Any CPU.Build.0 = Release|Any CPU
		{E60F463D-7B3B-4253-BF70-421436B2A879}.Debug|Any CPU.ActiveCfg = Debug|Any CPU
		{E60F463D-7B3B-4253-BF70-421436B2A879}.Debug|Any CPU.Build.0 = Debug|Any CPU
		{E60F463D-7B3B-4253-BF70-421436B2A879}.Release|Any CPU.ActiveCfg = Release|Any CPU
		{E60F463D-7B3B-4253-BF70-421436B2A879}.Release|Any CPU.Build.0 = Release|Any CPU
		{78F494F3-2F95-4935-816C-66E454482AF8}.Debug|Any CPU.ActiveCfg = Debug|Any CPU
		{78F494F3-2F95-4935-816C-66E454482AF8}.Debug|Any CPU.Build.0 = Debug|Any CPU
		{78F494F3-2F95-4935-816C-66E454482AF8}.Release|Any CPU.ActiveCfg = Release|Any CPU
		{78F494F3-2F95-4935-816C-66E454482AF8}.Release|Any CPU.Build.0 = Release|Any CPU
		{10B28A20-5EF9-47FD-BF52-7672D962ABE0}.Debug|Any CPU.ActiveCfg = Debug|Any CPU
		{10B28A20-5EF9-47FD-BF52-7672D962ABE0}.Debug|Any CPU.Build.0 = Debug|Any CPU
		{10B28A20-5EF9-47FD-BF52-7672D962ABE0}.Release|Any CPU.ActiveCfg = Release|Any CPU
		{10B28A20-5EF9-47FD-BF52-7672D962ABE0}.Release|Any CPU.Build.0 = Release|Any CPU
		{5737DDD8-C950-43B6-A240-13B8A7121E03}.Debug|Any CPU.ActiveCfg = Debug|Any CPU
		{5737DDD8-C950-43B6-A240-13B8A7121E03}.Debug|Any CPU.Build.0 = Debug|Any CPU
		{5737DDD8-C950-43B6-A240-13B8A7121E03}.Release|Any CPU.ActiveCfg = Release|Any CPU
		{5737DDD8-C950-43B6-A240-13B8A7121E03}.Release|Any CPU.Build.0 = Release|Any CPU
		{C579305A-2EE3-4547-BD9C-900F82B25A68}.Debug|Any CPU.ActiveCfg = Debug|Any CPU
		{C579305A-2EE3-4547-BD9C-900F82B25A68}.Debug|Any CPU.Build.0 = Debug|Any CPU
		{C579305A-2EE3-4547-BD9C-900F82B25A68}.Release|Any CPU.ActiveCfg = Release|Any CPU
		{C579305A-2EE3-4547-BD9C-900F82B25A68}.Release|Any CPU.Build.0 = Release|Any CPU
	EndGlobalSection
	GlobalSection(SolutionProperties) = preSolution
		HideSolutionNode = FALSE
	EndGlobalSection
	GlobalSection(ExtensibilityGlobals) = postSolution
		SolutionGuid = {6458CCE7-6BEB-40FF-B906-B0662F2BDB64}
	EndGlobalSection
EndGlobal
